
Microsoft Visual Studio Solution File, Format Version 12.00
# Visual Studio 15
VisualStudioVersion = 15.0.28307.489
MinimumVisualStudioVersion = 10.0.40219.1
Project("{8BC9CEB8-8B4A-11D0-8D11-00A0C91BC942}") = "SigmaNEAT.HyperNEAT", "MultiNEAT\SigmaNEAT.HyperNEAT\SigmaNEAT.HyperNEAT.vcxproj", "{B102C804-3640-417D-B82B-47001BB28997}"
EndProject
Project("{2150E333-8FDC-42A3-9474-1A3956D46DE8}") = "Solution Items", "Solution Items", "{F928DD8F-6DD2-427E-A7A1-13CB93C9DDC4}"
	ProjectSection(SolutionItems) = preProject
		LICENSE = LICENSE
		README.md = README.md
	EndProjectSection
EndProject
Project("{888888A0-9F3D-457C-B088-3A5042F75D52}") = "SigmaNEAT.SemanticAnalyzer", "MultiNEAT\SigmaNEAT.SemanticAnalyzer\SigmaNEAT.SemanticAnalyzer.pyproj", "{DBA212AF-1D68-46E3-B583-5079141B743B}"
EndProject
Project("{888888A0-9F3D-457C-B088-3A5042F75D52}") = "SigmaNEAT.MineSweeper", "MultiNEAT\SigmaNEAT.MineSweeper\SigmaNEAT.MineSweeper.pyproj", "{2AB61112-AE3A-4CE1-92B4-72655A93220C}"
EndProject
Project("{2150E333-8FDC-42A3-9474-1A3956D46DE8}") = "ActorModel", "ActorModel", "{10639ACD-8522-474F-97A2-52516251338A}"
EndProject
Project("{9A19103F-16F7-4668-BE54-9A1E7A4F7556}") = "SigmaNEAT.ActorCore", "ActorModel\SigmaNEAT.ActorCore\SigmaNEAT.ActorCore.csproj", "{3FFE676E-6B47-410F-96DE-85A71008634D}"
EndProject
Project("{9A19103F-16F7-4668-BE54-9A1E7A4F7556}") = "SigmaNEAT.Actors", "ActorModel\SigmaNEAT.Actors\SigmaNEAT.Actors.csproj", "{0BB6EAFF-C1C3-4C15-B874-6470E4C0D1F0}"
EndProject
Project("{9A19103F-16F7-4668-BE54-9A1E7A4F7556}") = "SigmaNEAT.Silo", "ActorModel\SigmaNEAT.Silo\SigmaNEAT.Silo.csproj", "{4987470C-7CD0-4E5C-B74D-366DC65DD18D}"
EndProject
Project("{9A19103F-16F7-4668-BE54-9A1E7A4F7556}") = "SigmaNEAT.Controller", "ActorModel\SigmaNEAT.Controller\SigmaNEAT.Controller.csproj", "{FE0A90E3-15E4-4562-A63F-3F2A0EF2A2D9}"
EndProject
Project("{2150E333-8FDC-42A3-9474-1A3956D46DE8}") = "PyTorch", "PyTorch", "{E48F50BC-C1C0-487A-8A62-CC1F17F424BF}"
EndProject
Project("{2150E333-8FDC-42A3-9474-1A3956D46DE8}") = "MultiNEAT", "MultiNEAT", "{EBA44417-79C4-449A-9169-82B6B154A57A}"
EndProject
Global
	GlobalSection(SolutionConfigurationPlatforms) = preSolution
		Debug|Any CPU = Debug|Any CPU
		Debug|x64 = Debug|x64
		Debug|x86 = Debug|x86
		Release|Any CPU = Release|Any CPU
		Release|x64 = Release|x64
		Release|x86 = Release|x86
	EndGlobalSection
	GlobalSection(ProjectConfigurationPlatforms) = postSolution
		{B102C804-3640-417D-B82B-47001BB28997}.Debug|Any CPU.ActiveCfg = Debug|Win32
		{B102C804-3640-417D-B82B-47001BB28997}.Debug|x64.ActiveCfg = Debug|x64
		{B102C804-3640-417D-B82B-47001BB28997}.Debug|x64.Build.0 = Debug|x64
		{B102C804-3640-417D-B82B-47001BB28997}.Debug|x86.ActiveCfg = Debug|Win32
		{B102C804-3640-417D-B82B-47001BB28997}.Debug|x86.Build.0 = Debug|Win32
		{B102C804-3640-417D-B82B-47001BB28997}.Release|Any CPU.ActiveCfg = Release|Win32
		{B102C804-3640-417D-B82B-47001BB28997}.Release|x64.ActiveCfg = Release|x64
		{B102C804-3640-417D-B82B-47001BB28997}.Release|x64.Build.0 = Release|x64
		{B102C804-3640-417D-B82B-47001BB28997}.Release|x86.ActiveCfg = Release|Win32
		{B102C804-3640-417D-B82B-47001BB28997}.Release|x86.Build.0 = Release|Win32
		{DBA212AF-1D68-46E3-B583-5079141B743B}.Debug|Any CPU.ActiveCfg = Debug|Any CPU
		{DBA212AF-1D68-46E3-B583-5079141B743B}.Debug|x64.ActiveCfg = Debug|Any CPU
		{DBA212AF-1D68-46E3-B583-5079141B743B}.Debug|x86.ActiveCfg = Debug|Any CPU
		{DBA212AF-1D68-46E3-B583-5079141B743B}.Release|Any CPU.ActiveCfg = Release|Any CPU
		{DBA212AF-1D68-46E3-B583-5079141B743B}.Release|x64.ActiveCfg = Release|Any CPU
		{DBA212AF-1D68-46E3-B583-5079141B743B}.Release|x86.ActiveCfg = Release|Any CPU
		{2AB61112-AE3A-4CE1-92B4-72655A93220C}.Debug|Any CPU.ActiveCfg = Debug|Any CPU
		{2AB61112-AE3A-4CE1-92B4-72655A93220C}.Debug|x64.ActiveCfg = Debug|Any CPU
		{2AB61112-AE3A-4CE1-92B4-72655A93220C}.Debug|x86.ActiveCfg = Debug|Any CPU
		{2AB61112-AE3A-4CE1-92B4-72655A93220C}.Release|Any CPU.ActiveCfg = Release|Any CPU
		{2AB61112-AE3A-4CE1-92B4-72655A93220C}.Release|x64.ActiveCfg = Release|Any CPU
		{2AB61112-AE3A-4CE1-92B4-72655A93220C}.Release|x86.ActiveCfg = Release|Any CPU
		{3FFE676E-6B47-410F-96DE-85A71008634D}.Debug|Any CPU.ActiveCfg = Debug|Any CPU
		{3FFE676E-6B47-410F-96DE-85A71008634D}.Debug|Any CPU.Build.0 = Debug|Any CPU
		{3FFE676E-6B47-410F-96DE-85A71008634D}.Debug|x64.ActiveCfg = Debug|Any CPU
		{3FFE676E-6B47-410F-96DE-85A71008634D}.Debug|x64.Build.0 = Debug|Any CPU
		{3FFE676E-6B47-410F-96DE-85A71008634D}.Debug|x86.ActiveCfg = Debug|Any CPU
		{3FFE676E-6B47-410F-96DE-85A71008634D}.Debug|x86.Build.0 = Debug|Any CPU
		{3FFE676E-6B47-410F-96DE-85A71008634D}.Release|Any CPU.ActiveCfg = Release|Any CPU
		{3FFE676E-6B47-410F-96DE-85A71008634D}.Release|Any CPU.Build.0 = Release|Any CPU
		{3FFE676E-6B47-410F-96DE-85A71008634D}.Release|x64.ActiveCfg = Release|Any CPU
		{3FFE676E-6B47-410F-96DE-85A71008634D}.Release|x64.Build.0 = Release|Any CPU
		{3FFE676E-6B47-410F-96DE-85A71008634D}.Release|x86.ActiveCfg = Release|Any CPU
		{3FFE676E-6B47-410F-96DE-85A71008634D}.Release|x86.Build.0 = Release|Any CPU
		{0BB6EAFF-C1C3-4C15-B874-6470E4C0D1F0}.Debug|Any CPU.ActiveCfg = Debug|Any CPU
		{0BB6EAFF-C1C3-4C15-B874-6470E4C0D1F0}.Debug|Any CPU.Build.0 = Debug|Any CPU
		{0BB6EAFF-C1C3-4C15-B874-6470E4C0D1F0}.Debug|x64.ActiveCfg = Debug|Any CPU
		{0BB6EAFF-C1C3-4C15-B874-6470E4C0D1F0}.Debug|x64.Build.0 = Debug|Any CPU
		{0BB6EAFF-C1C3-4C15-B874-6470E4C0D1F0}.Debug|x86.ActiveCfg = Debug|Any CPU
		{0BB6EAFF-C1C3-4C15-B874-6470E4C0D1F0}.Debug|x86.Build.0 = Debug|Any CPU
		{0BB6EAFF-C1C3-4C15-B874-6470E4C0D1F0}.Release|Any CPU.ActiveCfg = Release|Any CPU
		{0BB6EAFF-C1C3-4C15-B874-6470E4C0D1F0}.Release|Any CPU.Build.0 = Release|Any CPU
		{0BB6EAFF-C1C3-4C15-B874-6470E4C0D1F0}.Release|x64.ActiveCfg = Release|Any CPU
		{0BB6EAFF-C1C3-4C15-B874-6470E4C0D1F0}.Release|x64.Build.0 = Release|Any CPU
		{0BB6EAFF-C1C3-4C15-B874-6470E4C0D1F0}.Release|x86.ActiveCfg = Release|Any CPU
		{0BB6EAFF-C1C3-4C15-B874-6470E4C0D1F0}.Release|x86.Build.0 = Release|Any CPU
		{4987470C-7CD0-4E5C-B74D-366DC65DD18D}.Debug|Any CPU.ActiveCfg = Debug|Any CPU
		{4987470C-7CD0-4E5C-B74D-366DC65DD18D}.Debug|Any CPU.Build.0 = Debug|Any CPU
		{4987470C-7CD0-4E5C-B74D-366DC65DD18D}.Debug|x64.ActiveCfg = Debug|Any CPU
		{4987470C-7CD0-4E5C-B74D-366DC65DD18D}.Debug|x64.Build.0 = Debug|Any CPU
		{4987470C-7CD0-4E5C-B74D-366DC65DD18D}.Debug|x86.ActiveCfg = Debug|Any CPU
		{4987470C-7CD0-4E5C-B74D-366DC65DD18D}.Debug|x86.Build.0 = Debug|Any CPU
		{4987470C-7CD0-4E5C-B74D-366DC65DD18D}.Release|Any CPU.ActiveCfg = Release|Any CPU
		{4987470C-7CD0-4E5C-B74D-366DC65DD18D}.Release|Any CPU.Build.0 = Release|Any CPU
		{4987470C-7CD0-4E5C-B74D-366DC65DD18D}.Release|x64.ActiveCfg = Release|Any CPU
		{4987470C-7CD0-4E5C-B74D-366DC65DD18D}.Release|x64.Build.0 = Release|Any CPU
		{4987470C-7CD0-4E5C-B74D-366DC65DD18D}.Release|x86.ActiveCfg = Release|Any CPU
		{4987470C-7CD0-4E5C-B74D-366DC65DD18D}.Release|x86.Build.0 = Release|Any CPU
		{FE0A90E3-15E4-4562-A63F-3F2A0EF2A2D9}.Debug|Any CPU.ActiveCfg = Debug|Any CPU
		{FE0A90E3-15E4-4562-A63F-3F2A0EF2A2D9}.Debug|Any CPU.Build.0 = Debug|Any CPU
		{FE0A90E3-15E4-4562-A63F-3F2A0EF2A2D9}.Debug|x64.ActiveCfg = Debug|Any CPU
		{FE0A90E3-15E4-4562-A63F-3F2A0EF2A2D9}.Debug|x64.Build.0 = Debug|Any CPU
		{FE0A90E3-15E4-4562-A63F-3F2A0EF2A2D9}.Debug|x86.ActiveCfg = Debug|Any CPU
		{FE0A90E3-15E4-4562-A63F-3F2A0EF2A2D9}.Debug|x86.Build.0 = Debug|Any CPU
		{FE0A90E3-15E4-4562-A63F-3F2A0EF2A2D9}.Release|Any CPU.ActiveCfg = Release|Any CPU
		{FE0A90E3-15E4-4562-A63F-3F2A0EF2A2D9}.Release|Any CPU.Build.0 = Release|Any CPU
		{FE0A90E3-15E4-4562-A63F-3F2A0EF2A2D9}.Release|x64.ActiveCfg = Release|Any CPU
		{FE0A90E3-15E4-4562-A63F-3F2A0EF2A2D9}.Release|x64.Build.0 = Release|Any CPU
		{FE0A90E3-15E4-4562-A63F-3F2A0EF2A2D9}.Release|x86.ActiveCfg = Release|Any CPU
		{FE0A90E3-15E4-4562-A63F-3F2A0EF2A2D9}.Release|x86.Build.0 = Release|Any CPU
	EndGlobalSection
	GlobalSection(SolutionProperties) = preSolution
		HideSolutionNode = FALSE
	EndGlobalSection
	GlobalSection(NestedProjects) = preSolution
		{B102C804-3640-417D-B82B-47001BB28997} = {EBA44417-79C4-449A-9169-82B6B154A57A}
		{DBA212AF-1D68-46E3-B583-5079141B743B} = {EBA44417-79C4-449A-9169-82B6B154A57A}
		{2AB61112-AE3A-4CE1-92B4-72655A93220C} = {EBA44417-79C4-449A-9169-82B6B154A57A}
		{3FFE676E-6B47-410F-96DE-85A71008634D} = {10639ACD-8522-474F-97A2-52516251338A}
		{0BB6EAFF-C1C3-4C15-B874-6470E4C0D1F0} = {10639ACD-8522-474F-97A2-52516251338A}
		{4987470C-7CD0-4E5C-B74D-366DC65DD18D} = {10639ACD-8522-474F-97A2-52516251338A}
		{FE0A90E3-15E4-4562-A63F-3F2A0EF2A2D9} = {10639ACD-8522-474F-97A2-52516251338A}
	EndGlobalSection
	GlobalSection(ExtensibilityGlobals) = postSolution
		SolutionGuid = {5A3AB029-2C3F-4B6A-8BF7-2CFC80C33FB7}
	EndGlobalSection
EndGlobal
