<?xml version="1.0" encoding="utf-8"?>
<Project ToolsVersion="4.0" xmlns="http://schemas.microsoft.com/developer/msbuild/2003">
  <ItemGroup>
    <CudaCompile Include="Individual.cu" />
    <CudaCompile Include="Neat.cu" />
    <CudaCompile Include="ActivationFunction.cu" />
    <CudaCompile Include="Network.cu" />
  </ItemGroup>
  <ItemGroup>
    <ClCompile Include="Main.cpp" />
    <ClCompile Include="Population.cpp" />
  </ItemGroup>
  <ItemGroup>
    <ClInclude Include="ActivationFunction.hpp">
      <Filter>Headers</Filter>
    </ClInclude>
    <ClInclude Include="Individual.hpp">
      <Filter>Headers</Filter>
    </ClInclude>
    <ClInclude Include="Neat.hpp">
      <Filter>Headers</Filter>
    </ClInclude>
    <ClInclude Include="Population.hpp">
      <Filter>Headers</Filter>
    </ClInclude>
    <ClInclude Include="Config.hpp">
      <Filter>Headers</Filter>
    </ClInclude>
    <ClInclude Include="Connection.hpp">
      <Filter>Headers</Filter>
    </ClInclude>
    <ClInclude Include="Node.hpp">
      <Filter>Headers</Filter>
    </ClInclude>
    <ClInclude Include="Network.hpp">
      <Filter>Headers</Filter>
    </ClInclude>
  </ItemGroup>
  <ItemGroup>
    <Filter Include="Headers">
      <UniqueIdentifier>{642af5e3-4c20-4a59-8994-cc96e27c00d6}</UniqueIdentifier>
    </Filter>
    <Filter Include="Resources">
      <UniqueIdentifier>{f7d446dd-ffe5-41a0-acf7-09f69214ce8c}</UniqueIdentifier>
    </Filter>
  </ItemGroup>
  <ItemGroup>
    <Text Include="Input.txt">
      <Filter>Resources</Filter>
    </Text>
    <Text Include="Output.txt">
      <Filter>Resources</Filter>
    </Text>
  </ItemGroup>
</Project>